
Microsoft Visual Studio Solution File, Format Version 12.00
# Visual Studio Version 16
VisualStudioVersion = 16.0.29519.181
MinimumVisualStudioVersion = 10.0.40219.1
Project("{FAE04EC0-301F-11D3-BF4B-00C04F79EFBC}") = "ModelDesignFirst_L1", "ModelDesignFirst_L1.csproj", "{6AB1AEF4-327B-4DD2-B8AE-7C6738070D04}"
EndProject
Global
	GlobalSection(SolutionConfigurationPlatforms) = preSolution
		Debug|Any CPU = Debug|Any CPU
		Release|Any CPU = Release|Any CPU
	EndGlobalSection
	GlobalSection(ProjectConfigurationPlatforms) = postSolution
		{6AB1AEF4-327B-4DD2-B8AE-7C6738070D04}.Debug|Any CPU.ActiveCfg = Debug|Any CPU
		{6AB1AEF4-327B-4DD2-B8AE-7C6738070D04}.Debug|Any CPU.Build.0 = Debug|Any CPU
		{6AB1AEF4-327B-4DD2-B8AE-7C6738070D04}.Release|Any CPU.ActiveCfg = Release|Any CPU
		{6AB1AEF4-327B-4DD2-B8AE-7C6738070D04}.Release|Any CPU.Build.0 = Release|Any CPU
	EndGlobalSection
	GlobalSection(SolutionProperties) = preSolution
		HideSolutionNode = FALSE
	EndGlobalSection
	GlobalSection(ExtensibilityGlobals) = postSolution
		SolutionGuid = {52CFAAB0-14D5-4B5F-8332-73855D84F70B}
	EndGlobalSection
EndGlobal
